
Microsoft Visual Studio Solution File, Format Version 12.00
# Visual Studio Version 17
VisualStudioVersion = 17.3.32922.545
MinimumVisualStudioVersion = 10.0.40219.1
Project("{FAE04EC0-301F-11D3-BF4B-00C04F79EFBC}") = "4 негр", "4 негр.csproj", "{570835E2-1CE8-42B3-B53C-7E4FD83C4035}"
EndProject
Global
	GlobalSection(SolutionConfigurationPlatforms) = preSolution
		Debug|Any CPU = Debug|Any CPU
		Release|Any CPU = Release|Any CPU
	EndGlobalSection
	GlobalSection(ProjectConfigurationPlatforms) = postSolution
		{570835E2-1CE8-42B3-B53C-7E4FD83C4035}.Debug|Any CPU.ActiveCfg = Debug|Any CPU
		{570835E2-1CE8-42B3-B53C-7E4FD83C4035}.Debug|Any CPU.Build.0 = Debug|Any CPU
		{570835E2-1CE8-42B3-B53C-7E4FD83C4035}.Release|Any CPU.ActiveCfg = Release|Any CPU
		{570835E2-1CE8-42B3-B53C-7E4FD83C4035}.Release|Any CPU.Build.0 = Release|Any CPU
	EndGlobalSection
	GlobalSection(SolutionProperties) = preSolution
		HideSolutionNode = FALSE
	EndGlobalSection
	GlobalSection(ExtensibilityGlobals) = postSolution
		SolutionGuid = {22A5C55A-C20B-4090-8419-7AAB146B8A7B}
	EndGlobalSection
EndGlobal
